<Solution>
  <Project Path="IBI SmartHome System.Data/IBI SmartHome System.Data.csproj" Id="0f966137-e11a-4a8b-9d6f-7a867ad528c5" />
  <Project Path="IBI SmartHome System.Service/IBI SmartHome System.Service.csproj" Id="14708165-f30f-4ff7-85ea-d0ec639abd6c" />
  <Project Path="IBI SmartHome System/IBI SmartHome System.csproj" />
</Solution>
